// !$*UTF8*$!
{
	archiveVersion = 1;
	classes = {
	};
	objectVersion = 46;
	objects = {

/* Begin PBXBuildFile section */
		00E356F31AD99517003FC87E /* HotelianTests.m in Sources */ = {isa = PBXBuildFile; fileRef = 00E356F21AD99517003FC87E /* HotelianTests.m */; };
		13B07FBC1A68108700A75B9A /* AppDelegate.m in Sources */ = {isa = PBXBuildFile; fileRef = 13B07FB01A68108700A75B9A /* AppDelegate.m */; };
		13B07FBD1A68108700A75B9A /* LaunchScreen.xib in Resources */ = {isa = PBXBuildFile; fileRef = 13B07FB11A68108700A75B9A /* LaunchScreen.xib */; };
		13B07FBF1A68108700A75B9A /* Images.xcassets in Resources */ = {isa = PBXBuildFile; fileRef = 13B07FB51A68108700A75B9A /* Images.xcassets */; };
		13B07FC11A68108700A75B9A /* main.m in Sources */ = {isa = PBXBuildFile; fileRef = 13B07FB71A68108700A75B9A /* main.m */; };
		2D02E4BC1E0B4A80006451C7 /* AppDelegate.m in Sources */ = {isa = PBXBuildFile; fileRef = 13B07FB01A68108700A75B9A /* AppDelegate.m */; };
		2D02E4BD1E0B4A84006451C7 /* Images.xcassets in Resources */ = {isa = PBXBuildFile; fileRef = 13B07FB51A68108700A75B9A /* Images.xcassets */; };
		2D02E4BF1E0B4AB3006451C7 /* main.m in Sources */ = {isa = PBXBuildFile; fileRef = 13B07FB71A68108700A75B9A /* main.m */; };
		2DCD954D1E0B4F2C00145EB5 /* HotelianTests.m in Sources */ = {isa = PBXBuildFile; fileRef = 00E356F21AD99517003FC87E /* HotelianTests.m */; };
		ED5935DBBC0A4DABACE7C81C /* AntDesign.ttf in Resources */ = {isa = PBXBuildFile; fileRef = B872D801FD93481DB93B392A /* AntDesign.ttf */; };
		CD4CD584BE51485AB20CBD9C /* Entypo.ttf in Resources */ = {isa = PBXBuildFile; fileRef = C29C5AB2080B4DC19B7C5DEC /* Entypo.ttf */; };
		0A1223DC80404FAB90A4E457 /* EvilIcons.ttf in Resources */ = {isa = PBXBuildFile; fileRef = C935427284BD404D8C3BE364 /* EvilIcons.ttf */; };
		A496D7F10CE84910AE860DEE /* Feather.ttf in Resources */ = {isa = PBXBuildFile; fileRef = E2CE550605FB426A99F4C779 /* Feather.ttf */; };
		64C29A28BE994F0A9C9D24EA /* FontAwesome.ttf in Resources */ = {isa = PBXBuildFile; fileRef = A08BDA57D87647C9AC627A6C /* FontAwesome.ttf */; };
		1F655938E5ED4F74A25A537A /* FontAwesome5_Brands.ttf in Resources */ = {isa = PBXBuildFile; fileRef = CA1ECAA3C86F458FB4FB19B8 /* FontAwesome5_Brands.ttf */; };
		73CC03050CAC40D89C276C2E /* FontAwesome5_Regular.ttf in Resources */ = {isa = PBXBuildFile; fileRef = E76FCACF8F1C4F9AA24A3CC3 /* FontAwesome5_Regular.ttf */; };
		8F337031453344A0BE1162F2 /* FontAwesome5_Solid.ttf in Resources */ = {isa = PBXBuildFile; fileRef = 4D90BFBB0C39403A8465BA2A /* FontAwesome5_Solid.ttf */; };
		4A92753B76184BF4B2F3DEAB /* Fontisto.ttf in Resources */ = {isa = PBXBuildFile; fileRef = A2530917767A498FA3A5983D /* Fontisto.ttf */; };
		C5D1C50AB1C54C5BAA0AF1C7 /* Foundation.ttf in Resources */ = {isa = PBXBuildFile; fileRef = F8E18D66BCEB48C594BE9EEC /* Foundation.ttf */; };
		0F075A69D6944794B99E568C /* Ionicons.ttf in Resources */ = {isa = PBXBuildFile; fileRef = 8BFBE345D7C14627AFD1F3D9 /* Ionicons.ttf */; };
		E4309DCCCDD6479F9D64E4A8 /* MaterialCommunityIcons.ttf in Resources */ = {isa = PBXBuildFile; fileRef = F2B92736D7924D379E1145ED /* MaterialCommunityIcons.ttf */; };
		424C261FA3C246128C2E2A8B /* MaterialIcons.ttf in Resources */ = {isa = PBXBuildFile; fileRef = 32AFCAA9E0ED4C7F801BD44B /* MaterialIcons.ttf */; };
		3C1CC6AEDC394DE5BC6ED885 /* Octicons.ttf in Resources */ = {isa = PBXBuildFile; fileRef = 0ACC0EB28D7F4F778F0320EC /* Octicons.ttf */; };
		497ED3DF33F74F49AC87CFD0 /* Roboto_medium.ttf in Resources */ = {isa = PBXBuildFile; fileRef = 28B451949BF945238973C8CB /* Roboto_medium.ttf */; };
		9B2D2763DB1B404B97900242 /* Roboto.ttf in Resources */ = {isa = PBXBuildFile; fileRef = 0DF253A832FB4AECAED27BBF /* Roboto.ttf */; };
		4027A587E2184CE79EAF2E99 /* rubicon-icon-font.ttf in Resources */ = {isa = PBXBuildFile; fileRef = 47D436663DB1420C87988383 /* rubicon-icon-font.ttf */; };
		D331337AC766495596B6247F /* SimpleLineIcons.ttf in Resources */ = {isa = PBXBuildFile; fileRef = 08FFEF425725493CB3068D12 /* SimpleLineIcons.ttf */; };
		D31B67981B6742B88B524B3A /* Zocial.ttf in Resources */ = {isa = PBXBuildFile; fileRef = FEB267FE2D10445996E3BF13 /* Zocial.ttf */; };
		398A7813FE5A4FE1A75D9625 /* Roboto100-Thin.ttf in Resources */ = {isa = PBXBuildFile; fileRef = C02EC6A7BD5D436FB834A1C9 /* Roboto100-Thin.ttf */; };
		C6771B8CEA344FE0B46F6DCF /* Roboto300-Light.ttf in Resources */ = {isa = PBXBuildFile; fileRef = 7F1FB4D9FEB84F0C9D9AD6AB /* Roboto300-Light.ttf */; };
		7DAF56C735794F2A8415F969 /* Roboto400-Regular.ttf in Resources */ = {isa = PBXBuildFile; fileRef = 9C65A6A065CA46A896C46260 /* Roboto400-Regular.ttf */; };
		0ECB358683B549EBA652B093 /* Roboto500-Medium.ttf in Resources */ = {isa = PBXBuildFile; fileRef = F4B04386BD4249D0B6D09C4E /* Roboto500-Medium.ttf */; };
		16DBF5CD238C4313A647D090 /* Roboto700-Bold.ttf in Resources */ = {isa = PBXBuildFile; fileRef = DF7E6851EBD34440AE1CB620 /* Roboto700-Bold.ttf */; };
		9B4FC7BD89884C038357E172 /* Roboto900-Black.ttf in Resources */ = {isa = PBXBuildFile; fileRef = 22DDA453503D4A3BAE9F32F9 /* Roboto900-Black.ttf */; };
		68BC851D17454A2AAE8E6B6C /* pin.png in Resources */ = {isa = PBXBuildFile; fileRef = DB759A96520146BBB12C4917 /* pin.png */; };
		2438B43B0D9547E9A2D9487D /* single-pin.png in Resources */ = {isa = PBXBuildFile; fileRef = CBA004EC8BBD40A896EEED3D /* single-pin.png */; };
		E3E62DF4CC8B4F69AEB6BB92 /* apartment.png in Resources */ = {isa = PBXBuildFile; fileRef = 4B7E456A9B4F43B089F80EBC /* apartment.png */; };
		070F8AEECF08433CAB8D4DA0 /* earth-globe.png in Resources */ = {isa = PBXBuildFile; fileRef = F20B16435DAD449A846841A6 /* earth-globe.png */; };
		30198B9AEBF24E459EAE0B79 /* error.png in Resources */ = {isa = PBXBuildFile; fileRef = ECCC6F61F38F492FAE07980F /* error.png */; };
		E2B9BD59FFAA491A89C027B4 /* globe-grid.png in Resources */ = {isa = PBXBuildFile; fileRef = 89AE7429F2614A24BBAD936C /* globe-grid.png */; };
		6C8CA5065D03452CBA8F6148 /* hostel.png in Resources */ = {isa = PBXBuildFile; fileRef = B0C4EE56F2304CB5AF1E1EF8 /* hostel.png */; };
		93BE22874B684F5090CA10C6 /* no-image.png in Resources */ = {isa = PBXBuildFile; fileRef = D2257D61B2534735BE00D6BF /* no-image.png */; };
		F56E4205A56B4AAC9EF4B09B /* not_found.png in Resources */ = {isa = PBXBuildFile; fileRef = C485CAC211F14B7BA224C63A /* not_found.png */; };
		65E6B9FCDCCE45DF9C866CE4 /* resort.png in Resources */ = {isa = PBXBuildFile; fileRef = 4BCD1FBDFA32413AB04AE6C9 /* resort.png */; };
		45E5C2A5E3F14D37A32E600F /* top_destination_1.jpg in Resources */ = {isa = PBXBuildFile; fileRef = 61BF6F325F6246EDA5162B58 /* top_destination_1.jpg */; };
		DC2F4595B5ED49538D700116 /* top_destination_2.jpg in Resources */ = {isa = PBXBuildFile; fileRef = D8CAF47CB43A490C87BAB7AE /* top_destination_2.jpg */; };
		E2B2384473B84063BEF9899D /* top_destination_3.jpg in Resources */ = {isa = PBXBuildFile; fileRef = 5E965C24843549C092C2BDFA /* top_destination_3.jpg */; };
		D91D88A31E944A92B5A33FCA /* top_destination_4.jpg in Resources */ = {isa = PBXBuildFile; fileRef = A417D9B3A75749FCBE59F4D4 /* top_destination_4.jpg */; };
		A0432908E4724C628424FD26 /* top_destination_5.jpg in Resources */ = {isa = PBXBuildFile; fileRef = 943CC2BFE2DA47EFA6869F9A /* top_destination_5.jpg */; };
		9DEDCB1587BD408FB1D88F71 /* travelers1.jpg in Resources */ = {isa = PBXBuildFile; fileRef = A1418F8B04884402A3489020 /* travelers1.jpg */; };
		D1E208E5C86744D795BC1BF5 /* travelers2.jpg in Resources */ = {isa = PBXBuildFile; fileRef = 7498D642436A47C3B14E777F /* travelers2.jpg */; };
		92F23F9B530F41EFA03CBE4C /* travelers3.jpg in Resources */ = {isa = PBXBuildFile; fileRef = 2F690A678112487B92F1378D /* travelers3.jpg */; };
		A8201E97AA3F4BB7B526E293 /* travelers4.jpg in Resources */ = {isa = PBXBuildFile; fileRef = BB4A7F64AB434BC188CDDFCA /* travelers4.jpg */; };
		F97319B2FDFF4F8BAE46929B /* travelers5.jpg in Resources */ = {isa = PBXBuildFile; fileRef = 74A810115C2B4C98812A22EF /* travelers5.jpg */; };
		1352B147F5CF42ED98A6E227 /* villa.png in Resources */ = {isa = PBXBuildFile; fileRef = 43D5E1172D304AE99ADA939E /* villa.png */; };
		BD1FA2863668442DA0366D35 /* RobotoBlack.ttf in Resources */ = {isa = PBXBuildFile; fileRef = 49D7D57B7F8B46E397F69D9A /* RobotoBlack.ttf */; };
		FE1FC584F131483EA9584695 /* RobotoBold.ttf in Resources */ = {isa = PBXBuildFile; fileRef = 39B6D074B2324B8DAEF42F54 /* RobotoBold.ttf */; };
		9081B893421D497CA124C15B /* RobotoLight.ttf in Resources */ = {isa = PBXBuildFile; fileRef = 0B875C0E2EAC4B18AF534548 /* RobotoLight.ttf */; };
		4FE1D671E1614C3393F532AF /* RobotoMedium.ttf in Resources */ = {isa = PBXBuildFile; fileRef = 4DA714A52EA64E74A46F3CA8 /* RobotoMedium.ttf */; };
		D9FA3371C2B547B18B92E8EA /* RobotoRegular.ttf in Resources */ = {isa = PBXBuildFile; fileRef = 3FBFCF3FEC7F40318A0DAE1F /* RobotoRegular.ttf */; };
		AEB97846CF04415794F18FDE /* RobotoThin.ttf in Resources */ = {isa = PBXBuildFile; fileRef = 8334FE761A9F43B790572906 /* RobotoThin.ttf */; };
		FB829DA3487B42AAAAC85776 /* IRANSansBold.ttf in Resources */ = {isa = PBXBuildFile; fileRef = E9043DA606634FA89094D8F5 /* IRANSansBold.ttf */; };
		7EBE3F62134D465085FBC2B6 /* IRANSansLight.ttf in Resources */ = {isa = PBXBuildFile; fileRef = F27C2BDCA0864833BE7408B9 /* IRANSansLight.ttf */; };
		31710A7C3CCD4955B7C717D8 /* IRANSansMedium.ttf in Resources */ = {isa = PBXBuildFile; fileRef = 22BDCC8D1CD044EE8D6BB239 /* IRANSansMedium.ttf */; };
		56B3B7BEC20C4279AE6C9FC1 /* IRANSansRegular.ttf in Resources */ = {isa = PBXBuildFile; fileRef = 8E676A413491487284D88407 /* IRANSansRegular.ttf */; };
		D7117FAAB7664FD2B2FC3ADF /* IRANSansUltraLight.ttf in Resources */ = {isa = PBXBuildFile; fileRef = 58EC63AF28BD46FFA4E172BD /* IRANSansUltraLight.ttf */; };
		BE7A980F9DAC4037934B658B /* QuicksandBold.ttf in Resources */ = {isa = PBXBuildFile; fileRef = 7B76DCDA377C4D44B1825286 /* QuicksandBold.ttf */; };
		E4B2CE850AC34AA09DA86F5C /* QuicksandLight.ttf in Resources */ = {isa = PBXBuildFile; fileRef = 198F8DA009474C8A9ED2CA0A /* QuicksandLight.ttf */; };
		F92D7C20615C41FC9EF6D670 /* QuicksandMedium.ttf in Resources */ = {isa = PBXBuildFile; fileRef = 688962F753CB4ABD971F7871 /* QuicksandMedium.ttf */; };
		35910C9E0CB0432994DCF65A /* QuicksandRegular.ttf in Resources */ = {isa = PBXBuildFile; fileRef = 4E4DE3EACD254407A941E4FF /* QuicksandRegular.ttf */; };
		ED616306D90142E5B1E146A9 /* QuicksandSemiBold.ttf in Resources */ = {isa = PBXBuildFile; fileRef = 72F1CBB82B52480FBF484EB0 /* QuicksandSemiBold.ttf */; };
		5B1192CCF54B42BAA54C6224 /* Feather.ttf in Resources */ = {isa = PBXBuildFile; fileRef = A17994984E1240149B07A19C /* Feather.ttf */; };
		06CC544F86E74139A3093B24 /* Ionicons.ttf in Resources */ = {isa = PBXBuildFile; fileRef = 164CB3EA0A534695A20F9167 /* Ionicons.ttf */; };
		22AE033C72344590A488DC66 /* ic_img.png.png in Resources */ = {isa = PBXBuildFile; fileRef = E19CDFE7DBA2471D9FB92BCC /* ic_img.png.png */; };
		C3C719BF81C14AE6A859FA15 /* ie_img.png in Resources */ = {isa = PBXBuildFile; fileRef = CDA881CA972E4180A94B2C56 /* ie_img.png */; };
		330D0D76142A410FB63AA382 /* ic_img.png in Resources */ = {isa = PBXBuildFile; fileRef = 0203D50A28CD4C78B4FE9598 /* ic_img.png */; };
		84AB5FC5E4594210863B0F4C /* no-results.png in Resources */ = {isa = PBXBuildFile; fileRef = E311D3CE6DA44E70809A3AFF /* no-results.png */; };
		D2F07CF014ED4E51A172D76D /* 404.png in Resources */ = {isa = PBXBuildFile; fileRef = 020D9EEB4DDF4BB38D41B6B1 /* 404.png */; };
		0A1B7CB4C3AE4BDFBFDF8947 /* pasargad-gateway.png in Resources */ = {isa = PBXBuildFile; fileRef = 23CF855919DC4DADBD0074A9 /* pasargad-gateway.png */; };
		630A8E7A7B854BDF9DAF7AE0 /* paypal-gateway.png in Resources */ = {isa = PBXBuildFile; fileRef = 149925DD37854089B51E7135 /* paypal-gateway.png */; };
		9D9D549F1FD74256A609F29A /* saman-gateway.png in Resources */ = {isa = PBXBuildFile; fileRef = 6B131789F9344718AB1AD8E3 /* saman-gateway.png */; };
		1C7261D3F10347B79DE6389E /* telr-gateway.png in Resources */ = {isa = PBXBuildFile; fileRef = 61A652C5BA9D4C08ACE08A2B /* telr-gateway.png */; };
		7330A80CCF07482087ADFEC8 /* unavailable.png in Resources */ = {isa = PBXBuildFile; fileRef = 3CDCF0CC8F9B468B9AB43155 /* unavailable.png */; };
/* End PBXBuildFile section */

/* Begin PBXContainerItemProxy section */
		00E356F41AD99517003FC87E /* PBXContainerItemProxy */ = {
			isa = PBXContainerItemProxy;
			containerPortal = 83CBB9F71A601CBA00E9B192 /* Project object */;
			proxyType = 1;
			remoteGlobalIDString = 13B07F861A680F5B00A75B9A;
			remoteInfo = Hotelian;
		};
		2D02E4911E0B4A5D006451C7 /* PBXContainerItemProxy */ = {
			isa = PBXContainerItemProxy;
			containerPortal = 83CBB9F71A601CBA00E9B192 /* Project object */;
			proxyType = 1;
			remoteGlobalIDString = 2D02E47A1E0B4A5D006451C7;
			remoteInfo = "Hotelian-tvOS";
		};
/* End PBXContainerItemProxy section */

/* Begin PBXFileReference section */
		008F07F21AC5B25A0029DE68 /* main.jsbundle */ = {isa = PBXFileReference; fileEncoding = 4; lastKnownFileType = text; path = main.jsbundle; sourceTree = "<group>"; };
		00E356EE1AD99517003FC87E /* HotelianTests.xctest */ = {isa = PBXFileReference; explicitFileType = wrapper.cfbundle; includeInIndex = 0; path = HotelianTests.xctest; sourceTree = BUILT_PRODUCTS_DIR; };
		00E356F11AD99517003FC87E /* Info.plist */ = {isa = PBXFileReference; lastKnownFileType = text.plist.xml; path = Info.plist; sourceTree = "<group>"; };
		00E356F21AD99517003FC87E /* HotelianTests.m */ = {isa = PBXFileReference; lastKnownFileType = sourcecode.c.objc; path = HotelianTests.m; sourceTree = "<group>"; };
		13B07F961A680F5B00A75B9A /* Hotelian.app */ = {isa = PBXFileReference; explicitFileType = wrapper.application; includeInIndex = 0; path = Hotelian.app; sourceTree = BUILT_PRODUCTS_DIR; };
		13B07FAF1A68108700A75B9A /* AppDelegate.h */ = {isa = PBXFileReference; fileEncoding = 4; lastKnownFileType = sourcecode.c.h; name = AppDelegate.h; path = Hotelian/AppDelegate.h; sourceTree = "<group>"; };
		13B07FB01A68108700A75B9A /* AppDelegate.m */ = {isa = PBXFileReference; fileEncoding = 4; lastKnownFileType = sourcecode.c.objc; name = AppDelegate.m; path = Hotelian/AppDelegate.m; sourceTree = "<group>"; };
		13B07FB21A68108700A75B9A /* Base */ = {isa = PBXFileReference; lastKnownFileType = file.xib; name = Base; path = Base.lproj/LaunchScreen.xib; sourceTree = "<group>"; };
		13B07FB51A68108700A75B9A /* Images.xcassets */ = {isa = PBXFileReference; lastKnownFileType = folder.assetcatalog; name = Images.xcassets; path = Hotelian/Images.xcassets; sourceTree = "<group>"; };
		13B07FB61A68108700A75B9A /* Info.plist */ = {isa = PBXFileReference; fileEncoding = 4; lastKnownFileType = text.plist.xml; name = Info.plist; path = Hotelian/Info.plist; sourceTree = "<group>"; };
		13B07FB71A68108700A75B9A /* main.m */ = {isa = PBXFileReference; fileEncoding = 4; lastKnownFileType = sourcecode.c.objc; name = main.m; path = Hotelian/main.m; sourceTree = "<group>"; };
		2D02E47B1E0B4A5D006451C7 /* Hotelian-tvOS.app */ = {isa = PBXFileReference; explicitFileType = wrapper.application; includeInIndex = 0; path = "Hotelian-tvOS.app"; sourceTree = BUILT_PRODUCTS_DIR; };
		2D02E4901E0B4A5D006451C7 /* Hotelian-tvOSTests.xctest */ = {isa = PBXFileReference; explicitFileType = wrapper.cfbundle; includeInIndex = 0; path = "Hotelian-tvOSTests.xctest"; sourceTree = BUILT_PRODUCTS_DIR; };
		ED297162215061F000B7C4FE /* JavaScriptCore.framework */ = {isa = PBXFileReference; lastKnownFileType = wrapper.framework; name = JavaScriptCore.framework; path = System/Library/Frameworks/JavaScriptCore.framework; sourceTree = SDKROOT; };
		ED2971642150620600B7C4FE /* JavaScriptCore.framework */ = {isa = PBXFileReference; lastKnownFileType = wrapper.framework; name = JavaScriptCore.framework; path = Platforms/AppleTVOS.platform/Developer/SDKs/AppleTVOS12.0.sdk/System/Library/Frameworks/JavaScriptCore.framework; sourceTree = DEVELOPER_DIR; };
		B872D801FD93481DB93B392A /* AntDesign.ttf */ = {isa = PBXFileReference; name = "AntDesign.ttf"; path = "../node_modules/native-base/Fonts/AntDesign.ttf"; sourceTree = "<group>"; fileEncoding = undefined; lastKnownFileType = unknown; explicitFileType = undefined; includeInIndex = 0; };
		C29C5AB2080B4DC19B7C5DEC /* Entypo.ttf */ = {isa = PBXFileReference; name = "Entypo.ttf"; path = "../node_modules/native-base/Fonts/Entypo.ttf"; sourceTree = "<group>"; fileEncoding = undefined; lastKnownFileType = unknown; explicitFileType = undefined; includeInIndex = 0; };
		C935427284BD404D8C3BE364 /* EvilIcons.ttf */ = {isa = PBXFileReference; name = "EvilIcons.ttf"; path = "../node_modules/native-base/Fonts/EvilIcons.ttf"; sourceTree = "<group>"; fileEncoding = undefined; lastKnownFileType = unknown; explicitFileType = undefined; includeInIndex = 0; };
		E2CE550605FB426A99F4C779 /* Feather.ttf */ = {isa = PBXFileReference; name = "Feather.ttf"; path = "../node_modules/native-base/Fonts/Feather.ttf"; sourceTree = "<group>"; fileEncoding = undefined; lastKnownFileType = unknown; explicitFileType = undefined; includeInIndex = 0; };
		A08BDA57D87647C9AC627A6C /* FontAwesome.ttf */ = {isa = PBXFileReference; name = "FontAwesome.ttf"; path = "../node_modules/native-base/Fonts/FontAwesome.ttf"; sourceTree = "<group>"; fileEncoding = undefined; lastKnownFileType = unknown; explicitFileType = undefined; includeInIndex = 0; };
		CA1ECAA3C86F458FB4FB19B8 /* FontAwesome5_Brands.ttf */ = {isa = PBXFileReference; name = "FontAwesome5_Brands.ttf"; path = "../node_modules/native-base/Fonts/FontAwesome5_Brands.ttf"; sourceTree = "<group>"; fileEncoding = undefined; lastKnownFileType = unknown; explicitFileType = undefined; includeInIndex = 0; };
		E76FCACF8F1C4F9AA24A3CC3 /* FontAwesome5_Regular.ttf */ = {isa = PBXFileReference; name = "FontAwesome5_Regular.ttf"; path = "../node_modules/native-base/Fonts/FontAwesome5_Regular.ttf"; sourceTree = "<group>"; fileEncoding = undefined; lastKnownFileType = unknown; explicitFileType = undefined; includeInIndex = 0; };
		4D90BFBB0C39403A8465BA2A /* FontAwesome5_Solid.ttf */ = {isa = PBXFileReference; name = "FontAwesome5_Solid.ttf"; path = "../node_modules/native-base/Fonts/FontAwesome5_Solid.ttf"; sourceTree = "<group>"; fileEncoding = undefined; lastKnownFileType = unknown; explicitFileType = undefined; includeInIndex = 0; };
		A2530917767A498FA3A5983D /* Fontisto.ttf */ = {isa = PBXFileReference; name = "Fontisto.ttf"; path = "../node_modules/native-base/Fonts/Fontisto.ttf"; sourceTree = "<group>"; fileEncoding = undefined; lastKnownFileType = unknown; explicitFileType = undefined; includeInIndex = 0; };
		F8E18D66BCEB48C594BE9EEC /* Foundation.ttf */ = {isa = PBXFileReference; name = "Foundation.ttf"; path = "../node_modules/native-base/Fonts/Foundation.ttf"; sourceTree = "<group>"; fileEncoding = undefined; lastKnownFileType = unknown; explicitFileType = undefined; includeInIndex = 0; };
		8BFBE345D7C14627AFD1F3D9 /* Ionicons.ttf */ = {isa = PBXFileReference; name = "Ionicons.ttf"; path = "../node_modules/native-base/Fonts/Ionicons.ttf"; sourceTree = "<group>"; fileEncoding = undefined; lastKnownFileType = unknown; explicitFileType = undefined; includeInIndex = 0; };
		F2B92736D7924D379E1145ED /* MaterialCommunityIcons.ttf */ = {isa = PBXFileReference; name = "MaterialCommunityIcons.ttf"; path = "../node_modules/native-base/Fonts/MaterialCommunityIcons.ttf"; sourceTree = "<group>"; fileEncoding = undefined; lastKnownFileType = unknown; explicitFileType = undefined; includeInIndex = 0; };
		32AFCAA9E0ED4C7F801BD44B /* MaterialIcons.ttf */ = {isa = PBXFileReference; name = "MaterialIcons.ttf"; path = "../node_modules/native-base/Fonts/MaterialIcons.ttf"; sourceTree = "<group>"; fileEncoding = undefined; lastKnownFileType = unknown; explicitFileType = undefined; includeInIndex = 0; };
		0ACC0EB28D7F4F778F0320EC /* Octicons.ttf */ = {isa = PBXFileReference; name = "Octicons.ttf"; path = "../node_modules/native-base/Fonts/Octicons.ttf"; sourceTree = "<group>"; fileEncoding = undefined; lastKnownFileType = unknown; explicitFileType = undefined; includeInIndex = 0; };
		28B451949BF945238973C8CB /* Roboto_medium.ttf */ = {isa = PBXFileReference; name = "Roboto_medium.ttf"; path = "../node_modules/native-base/Fonts/Roboto_medium.ttf"; sourceTree = "<group>"; fileEncoding = undefined; lastKnownFileType = unknown; explicitFileType = undefined; includeInIndex = 0; };
		0DF253A832FB4AECAED27BBF /* Roboto.ttf */ = {isa = PBXFileReference; name = "Roboto.ttf"; path = "../node_modules/native-base/Fonts/Roboto.ttf"; sourceTree = "<group>"; fileEncoding = undefined; lastKnownFileType = unknown; explicitFileType = undefined; includeInIndex = 0; };
		47D436663DB1420C87988383 /* rubicon-icon-font.ttf */ = {isa = PBXFileReference; name = "rubicon-icon-font.ttf"; path = "../node_modules/native-base/Fonts/rubicon-icon-font.ttf"; sourceTree = "<group>"; fileEncoding = undefined; lastKnownFileType = unknown; explicitFileType = undefined; includeInIndex = 0; };
		08FFEF425725493CB3068D12 /* SimpleLineIcons.ttf */ = {isa = PBXFileReference; name = "SimpleLineIcons.ttf"; path = "../node_modules/native-base/Fonts/SimpleLineIcons.ttf"; sourceTree = "<group>"; fileEncoding = undefined; lastKnownFileType = unknown; explicitFileType = undefined; includeInIndex = 0; };
		FEB267FE2D10445996E3BF13 /* Zocial.ttf */ = {isa = PBXFileReference; name = "Zocial.ttf"; path = "../node_modules/native-base/Fonts/Zocial.ttf"; sourceTree = "<group>"; fileEncoding = undefined; lastKnownFileType = unknown; explicitFileType = undefined; includeInIndex = 0; };
		C02EC6A7BD5D436FB834A1C9 /* Roboto100-Thin.ttf */ = {isa = PBXFileReference; name = "Roboto100-Thin.ttf"; path = "../src/assets/fonts/Roboto/Roboto100-Thin.ttf"; sourceTree = "<group>"; fileEncoding = undefined; lastKnownFileType = unknown; explicitFileType = undefined; includeInIndex = 0; };
		7F1FB4D9FEB84F0C9D9AD6AB /* Roboto300-Light.ttf */ = {isa = PBXFileReference; name = "Roboto300-Light.ttf"; path = "../src/assets/fonts/Roboto/Roboto300-Light.ttf"; sourceTree = "<group>"; fileEncoding = undefined; lastKnownFileType = unknown; explicitFileType = undefined; includeInIndex = 0; };
		9C65A6A065CA46A896C46260 /* Roboto400-Regular.ttf */ = {isa = PBXFileReference; name = "Roboto400-Regular.ttf"; path = "../src/assets/fonts/Roboto/Roboto400-Regular.ttf"; sourceTree = "<group>"; fileEncoding = undefined; lastKnownFileType = unknown; explicitFileType = undefined; includeInIndex = 0; };
		F4B04386BD4249D0B6D09C4E /* Roboto500-Medium.ttf */ = {isa = PBXFileReference; name = "Roboto500-Medium.ttf"; path = "../src/assets/fonts/Roboto/Roboto500-Medium.ttf"; sourceTree = "<group>"; fileEncoding = undefined; lastKnownFileType = unknown; explicitFileType = undefined; includeInIndex = 0; };
		DF7E6851EBD34440AE1CB620 /* Roboto700-Bold.ttf */ = {isa = PBXFileReference; name = "Roboto700-Bold.ttf"; path = "../src/assets/fonts/Roboto/Roboto700-Bold.ttf"; sourceTree = "<group>"; fileEncoding = undefined; lastKnownFileType = unknown; explicitFileType = undefined; includeInIndex = 0; };
		22DDA453503D4A3BAE9F32F9 /* Roboto900-Black.ttf */ = {isa = PBXFileReference; name = "Roboto900-Black.ttf"; path = "../src/assets/fonts/Roboto/Roboto900-Black.ttf"; sourceTree = "<group>"; fileEncoding = undefined; lastKnownFileType = unknown; explicitFileType = undefined; includeInIndex = 0; };
		DB759A96520146BBB12C4917 /* pin.png */ = {isa = PBXFileReference; name = "pin.png"; path = "../src/Assets/Icons/pin.png"; sourceTree = "<group>"; fileEncoding = undefined; lastKnownFileType = unknown; explicitFileType = undefined; includeInIndex = 0; };
		CBA004EC8BBD40A896EEED3D /* single-pin.png */ = {isa = PBXFileReference; name = "single-pin.png"; path = "../src/Assets/Icons/single-pin.png"; sourceTree = "<group>"; fileEncoding = undefined; lastKnownFileType = unknown; explicitFileType = undefined; includeInIndex = 0; };
		4B7E456A9B4F43B089F80EBC /* apartment.png */ = {isa = PBXFileReference; name = "apartment.png"; path = "../src/Assets/Images/apartment.png"; sourceTree = "<group>"; fileEncoding = undefined; lastKnownFileType = unknown; explicitFileType = undefined; includeInIndex = 0; };
		F20B16435DAD449A846841A6 /* earth-globe.png */ = {isa = PBXFileReference; name = "earth-globe.png"; path = "../src/Assets/Images/earth-globe.png"; sourceTree = "<group>"; fileEncoding = undefined; lastKnownFileType = unknown; explicitFileType = undefined; includeInIndex = 0; };
		ECCC6F61F38F492FAE07980F /* error.png */ = {isa = PBXFileReference; name = "error.png"; path = "../src/Assets/Images/error.png"; sourceTree = "<group>"; fileEncoding = undefined; lastKnownFileType = unknown; explicitFileType = undefined; includeInIndex = 0; };
		89AE7429F2614A24BBAD936C /* globe-grid.png */ = {isa = PBXFileReference; name = "globe-grid.png"; path = "../src/Assets/Images/globe-grid.png"; sourceTree = "<group>"; fileEncoding = undefined; lastKnownFileType = unknown; explicitFileType = undefined; includeInIndex = 0; };
		B0C4EE56F2304CB5AF1E1EF8 /* hostel.png */ = {isa = PBXFileReference; name = "hostel.png"; path = "../src/Assets/Images/hostel.png"; sourceTree = "<group>"; fileEncoding = undefined; lastKnownFileType = unknown; explicitFileType = undefined; includeInIndex = 0; };
		D2257D61B2534735BE00D6BF /* no-image.png */ = {isa = PBXFileReference; name = "no-image.png"; path = "../src/Assets/Images/no-image.png"; sourceTree = "<group>"; fileEncoding = undefined; lastKnownFileType = unknown; explicitFileType = undefined; includeInIndex = 0; };
		C485CAC211F14B7BA224C63A /* not_found.png */ = {isa = PBXFileReference; name = "not_found.png"; path = "../src/Assets/Images/not_found.png"; sourceTree = "<group>"; fileEncoding = undefined; lastKnownFileType = unknown; explicitFileType = undefined; includeInIndex = 0; };
		4BCD1FBDFA32413AB04AE6C9 /* resort.png */ = {isa = PBXFileReference; name = "resort.png"; path = "../src/Assets/Images/resort.png"; sourceTree = "<group>"; fileEncoding = undefined; lastKnownFileType = unknown; explicitFileType = undefined; includeInIndex = 0; };
		61BF6F325F6246EDA5162B58 /* top_destination_1.jpg */ = {isa = PBXFileReference; name = "top_destination_1.jpg"; path = "../src/Assets/Images/top_destination_1.jpg"; sourceTree = "<group>"; fileEncoding = undefined; lastKnownFileType = unknown; explicitFileType = undefined; includeInIndex = 0; };
		D8CAF47CB43A490C87BAB7AE /* top_destination_2.jpg */ = {isa = PBXFileReference; name = "top_destination_2.jpg"; path = "../src/Assets/Images/top_destination_2.jpg"; sourceTree = "<group>"; fileEncoding = undefined; lastKnownFileType = unknown; explicitFileType = undefined; includeInIndex = 0; };
		5E965C24843549C092C2BDFA /* top_destination_3.jpg */ = {isa = PBXFileReference; name = "top_destination_3.jpg"; path = "../src/Assets/Images/top_destination_3.jpg"; sourceTree = "<group>"; fileEncoding = undefined; lastKnownFileType = unknown; explicitFileType = undefined; includeInIndex = 0; };
		A417D9B3A75749FCBE59F4D4 /* top_destination_4.jpg */ = {isa = PBXFileReference; name = "top_destination_4.jpg"; path = "../src/Assets/Images/top_destination_4.jpg"; sourceTree = "<group>"; fileEncoding = undefined; lastKnownFileType = unknown; explicitFileType = undefined; includeInIndex = 0; };
		943CC2BFE2DA47EFA6869F9A /* top_destination_5.jpg */ = {isa = PBXFileReference; name = "top_destination_5.jpg"; path = "../src/Assets/Images/top_destination_5.jpg"; sourceTree = "<group>"; fileEncoding = undefined; lastKnownFileType = unknown; explicitFileType = undefined; includeInIndex = 0; };
		A1418F8B04884402A3489020 /* travelers1.jpg */ = {isa = PBXFileReference; name = "travelers1.jpg"; path = "../src/Assets/Images/travelers1.jpg"; sourceTree = "<group>"; fileEncoding = undefined; lastKnownFileType = unknown; explicitFileType = undefined; includeInIndex = 0; };
		7498D642436A47C3B14E777F /* travelers2.jpg */ = {isa = PBXFileReference; name = "travelers2.jpg"; path = "../src/Assets/Images/travelers2.jpg"; sourceTree = "<group>"; fileEncoding = undefined; lastKnownFileType = unknown; explicitFileType = undefined; includeInIndex = 0; };
		2F690A678112487B92F1378D /* travelers3.jpg */ = {isa = PBXFileReference; name = "travelers3.jpg"; path = "../src/Assets/Images/travelers3.jpg"; sourceTree = "<group>"; fileEncoding = undefined; lastKnownFileType = unknown; explicitFileType = undefined; includeInIndex = 0; };
		BB4A7F64AB434BC188CDDFCA /* travelers4.jpg */ = {isa = PBXFileReference; name = "travelers4.jpg"; path = "../src/Assets/Images/travelers4.jpg"; sourceTree = "<group>"; fileEncoding = undefined; lastKnownFileType = unknown; explicitFileType = undefined; includeInIndex = 0; };
		74A810115C2B4C98812A22EF /* travelers5.jpg */ = {isa = PBXFileReference; name = "travelers5.jpg"; path = "../src/Assets/Images/travelers5.jpg"; sourceTree = "<group>"; fileEncoding = undefined; lastKnownFileType = unknown; explicitFileType = undefined; includeInIndex = 0; };
		43D5E1172D304AE99ADA939E /* villa.png */ = {isa = PBXFileReference; name = "villa.png"; path = "../src/Assets/Images/villa.png"; sourceTree = "<group>"; fileEncoding = undefined; lastKnownFileType = unknown; explicitFileType = undefined; includeInIndex = 0; };
		49D7D57B7F8B46E397F69D9A /* RobotoBlack.ttf */ = {isa = PBXFileReference; name = "RobotoBlack.ttf"; path = "../src/Assets/Fonts/Roboto/RobotoBlack.ttf"; sourceTree = "<group>"; fileEncoding = undefined; lastKnownFileType = unknown; explicitFileType = undefined; includeInIndex = 0; };
		39B6D074B2324B8DAEF42F54 /* RobotoBold.ttf */ = {isa = PBXFileReference; name = "RobotoBold.ttf"; path = "../src/Assets/Fonts/Roboto/RobotoBold.ttf"; sourceTree = "<group>"; fileEncoding = undefined; lastKnownFileType = unknown; explicitFileType = undefined; includeInIndex = 0; };
		0B875C0E2EAC4B18AF534548 /* RobotoLight.ttf */ = {isa = PBXFileReference; name = "RobotoLight.ttf"; path = "../src/Assets/Fonts/Roboto/RobotoLight.ttf"; sourceTree = "<group>"; fileEncoding = undefined; lastKnownFileType = unknown; explicitFileType = undefined; includeInIndex = 0; };
		4DA714A52EA64E74A46F3CA8 /* RobotoMedium.ttf */ = {isa = PBXFileReference; name = "RobotoMedium.ttf"; path = "../src/Assets/Fonts/Roboto/RobotoMedium.ttf"; sourceTree = "<group>"; fileEncoding = undefined; lastKnownFileType = unknown; explicitFileType = undefined; includeInIndex = 0; };
		3FBFCF3FEC7F40318A0DAE1F /* RobotoRegular.ttf */ = {isa = PBXFileReference; name = "RobotoRegular.ttf"; path = "../src/Assets/Fonts/Roboto/RobotoRegular.ttf"; sourceTree = "<group>"; fileEncoding = undefined; lastKnownFileType = unknown; explicitFileType = undefined; includeInIndex = 0; };
		8334FE761A9F43B790572906 /* RobotoThin.ttf */ = {isa = PBXFileReference; name = "RobotoThin.ttf"; path = "../src/Assets/Fonts/Roboto/RobotoThin.ttf"; sourceTree = "<group>"; fileEncoding = undefined; lastKnownFileType = unknown; explicitFileType = undefined; includeInIndex = 0; };
		E9043DA606634FA89094D8F5 /* IRANSansBold.ttf */ = {isa = PBXFileReference; name = "IRANSansBold.ttf"; path = "../src/Assets/Fonts/Iransans/IRANSansBold.ttf"; sourceTree = "<group>"; fileEncoding = undefined; lastKnownFileType = unknown; explicitFileType = undefined; includeInIndex = 0; };
		F27C2BDCA0864833BE7408B9 /* IRANSansLight.ttf */ = {isa = PBXFileReference; name = "IRANSansLight.ttf"; path = "../src/Assets/Fonts/Iransans/IRANSansLight.ttf"; sourceTree = "<group>"; fileEncoding = undefined; lastKnownFileType = unknown; explicitFileType = undefined; includeInIndex = 0; };
		22BDCC8D1CD044EE8D6BB239 /* IRANSansMedium.ttf */ = {isa = PBXFileReference; name = "IRANSansMedium.ttf"; path = "../src/Assets/Fonts/Iransans/IRANSansMedium.ttf"; sourceTree = "<group>"; fileEncoding = undefined; lastKnownFileType = unknown; explicitFileType = undefined; includeInIndex = 0; };
		8E676A413491487284D88407 /* IRANSansRegular.ttf */ = {isa = PBXFileReference; name = "IRANSansRegular.ttf"; path = "../src/Assets/Fonts/Iransans/IRANSansRegular.ttf"; sourceTree = "<group>"; fileEncoding = undefined; lastKnownFileType = unknown; explicitFileType = undefined; includeInIndex = 0; };
		58EC63AF28BD46FFA4E172BD /* IRANSansUltraLight.ttf */ = {isa = PBXFileReference; name = "IRANSansUltraLight.ttf"; path = "../src/Assets/Fonts/Iransans/IRANSansUltraLight.ttf"; sourceTree = "<group>"; fileEncoding = undefined; lastKnownFileType = unknown; explicitFileType = undefined; includeInIndex = 0; };
		7B76DCDA377C4D44B1825286 /* QuicksandBold.ttf */ = {isa = PBXFileReference; name = "QuicksandBold.ttf"; path = "../src/Assets/Fonts/Quicksand/QuicksandBold.ttf"; sourceTree = "<group>"; fileEncoding = undefined; lastKnownFileType = unknown; explicitFileType = undefined; includeInIndex = 0; };
		198F8DA009474C8A9ED2CA0A /* QuicksandLight.ttf */ = {isa = PBXFileReference; name = "QuicksandLight.ttf"; path = "../src/Assets/Fonts/Quicksand/QuicksandLight.ttf"; sourceTree = "<group>"; fileEncoding = undefined; lastKnownFileType = unknown; explicitFileType = undefined; includeInIndex = 0; };
		688962F753CB4ABD971F7871 /* QuicksandMedium.ttf */ = {isa = PBXFileReference; name = "QuicksandMedium.ttf"; path = "../src/Assets/Fonts/Quicksand/QuicksandMedium.ttf"; sourceTree = "<group>"; fileEncoding = undefined; lastKnownFileType = unknown; explicitFileType = undefined; includeInIndex = 0; };
		4E4DE3EACD254407A941E4FF /* QuicksandRegular.ttf */ = {isa = PBXFileReference; name = "QuicksandRegular.ttf"; path = "../src/Assets/Fonts/Quicksand/QuicksandRegular.ttf"; sourceTree = "<group>"; fileEncoding = undefined; lastKnownFileType = unknown; explicitFileType = undefined; includeInIndex = 0; };
		72F1CBB82B52480FBF484EB0 /* QuicksandSemiBold.ttf */ = {isa = PBXFileReference; name = "QuicksandSemiBold.ttf"; path = "../src/Assets/Fonts/Quicksand/QuicksandSemiBold.ttf"; sourceTree = "<group>"; fileEncoding = undefined; lastKnownFileType = unknown; explicitFileType = undefined; includeInIndex = 0; };
		A17994984E1240149B07A19C /* Feather.ttf */ = {isa = PBXFileReference; name = "Feather.ttf"; path = "../src/Assets/Fonts/VectorIcons/Feather.ttf"; sourceTree = "<group>"; fileEncoding = undefined; lastKnownFileType = unknown; explicitFileType = undefined; includeInIndex = 0; };
		164CB3EA0A534695A20F9167 /* Ionicons.ttf */ = {isa = PBXFileReference; name = "Ionicons.ttf"; path = "../src/Assets/Fonts/VectorIcons/Ionicons.ttf"; sourceTree = "<group>"; fileEncoding = undefined; lastKnownFileType = unknown; explicitFileType = undefined; includeInIndex = 0; };
		E19CDFE7DBA2471D9FB92BCC /* ic_img.png.png */ = {isa = PBXFileReference; name = "ic_img.png.png"; path = "../src/Assets/Images/ic_img.png.png"; sourceTree = "<group>"; fileEncoding = undefined; lastKnownFileType = unknown; explicitFileType = undefined; includeInIndex = 0; };
		CDA881CA972E4180A94B2C56 /* ie_img.png */ = {isa = PBXFileReference; name = "ie_img.png"; path = "../src/Assets/Images/ie_img.png"; sourceTree = "<group>"; fileEncoding = undefined; lastKnownFileType = unknown; explicitFileType = undefined; includeInIndex = 0; };
		0203D50A28CD4C78B4FE9598 /* ic_img.png */ = {isa = PBXFileReference; name = "ic_img.png"; path = "../src/Assets/Images/ic_img.png"; sourceTree = "<group>"; fileEncoding = undefined; lastKnownFileType = unknown; explicitFileType = undefined; includeInIndex = 0; };
		E311D3CE6DA44E70809A3AFF /* no-results.png */ = {isa = PBXFileReference; name = "no-results.png"; path = "../src/Assets/Images/no-results.png"; sourceTree = "<group>"; fileEncoding = undefined; lastKnownFileType = unknown; explicitFileType = undefined; includeInIndex = 0; };
		020D9EEB4DDF4BB38D41B6B1 /* 404.png */ = {isa = PBXFileReference; name = "404.png"; path = "../src/Assets/Images/404.png"; sourceTree = "<group>"; fileEncoding = undefined; lastKnownFileType = unknown; explicitFileType = undefined; includeInIndex = 0; };
		23CF855919DC4DADBD0074A9 /* pasargad-gateway.png */ = {isa = PBXFileReference; name = "pasargad-gateway.png"; path = "../src/Assets/Images/pasargad-gateway.png"; sourceTree = "<group>"; fileEncoding = undefined; lastKnownFileType = unknown; explicitFileType = undefined; includeInIndex = 0; };
		149925DD37854089B51E7135 /* paypal-gateway.png */ = {isa = PBXFileReference; name = "paypal-gateway.png"; path = "../src/Assets/Images/paypal-gateway.png"; sourceTree = "<group>"; fileEncoding = undefined; lastKnownFileType = unknown; explicitFileType = undefined; includeInIndex = 0; };
		6B131789F9344718AB1AD8E3 /* saman-gateway.png */ = {isa = PBXFileReference; name = "saman-gateway.png"; path = "../src/Assets/Images/saman-gateway.png"; sourceTree = "<group>"; fileEncoding = undefined; lastKnownFileType = unknown; explicitFileType = undefined; includeInIndex = 0; };
		61A652C5BA9D4C08ACE08A2B /* telr-gateway.png */ = {isa = PBXFileReference; name = "telr-gateway.png"; path = "../src/Assets/Images/telr-gateway.png"; sourceTree = "<group>"; fileEncoding = undefined; lastKnownFileType = unknown; explicitFileType = undefined; includeInIndex = 0; };
		3CDCF0CC8F9B468B9AB43155 /* unavailable.png */ = {isa = PBXFileReference; name = "unavailable.png"; path = "../src/Assets/Images/unavailable.png"; sourceTree = "<group>"; fileEncoding = undefined; lastKnownFileType = unknown; explicitFileType = undefined; includeInIndex = 0; };
/* End PBXFileReference section */

/* Begin PBXFrameworksBuildPhase section */
		00E356EB1AD99517003FC87E /* Frameworks */ = {
			isa = PBXFrameworksBuildPhase;
			buildActionMask = 2147483647;
			files = (
			);
			runOnlyForDeploymentPostprocessing = 0;
		};
		13B07F8C1A680F5B00A75B9A /* Frameworks */ = {
			isa = PBXFrameworksBuildPhase;
			buildActionMask = 2147483647;
			files = (
			);
			runOnlyForDeploymentPostprocessing = 0;
		};
		2D02E4781E0B4A5D006451C7 /* Frameworks */ = {
			isa = PBXFrameworksBuildPhase;
			buildActionMask = 2147483647;
			files = (
			);
			runOnlyForDeploymentPostprocessing = 0;
		};
		2D02E48D1E0B4A5D006451C7 /* Frameworks */ = {
			isa = PBXFrameworksBuildPhase;
			buildActionMask = 2147483647;
			files = (
			);
			runOnlyForDeploymentPostprocessing = 0;
		};
/* End PBXFrameworksBuildPhase section */

/* Begin PBXGroup section */
		00E356EF1AD99517003FC87E /* HotelianTests */ = {
			isa = PBXGroup;
			children = (
				00E356F21AD99517003FC87E /* HotelianTests.m */,
				00E356F01AD99517003FC87E /* Supporting Files */,
			);
			path = HotelianTests;
			sourceTree = "<group>";
		};
		00E356F01AD99517003FC87E /* Supporting Files */ = {
			isa = PBXGroup;
			children = (
				00E356F11AD99517003FC87E /* Info.plist */,
			);
			name = "Supporting Files";
			sourceTree = "<group>";
		};
		13B07FAE1A68108700A75B9A /* Hotelian */ = {
			isa = PBXGroup;
			children = (
				008F07F21AC5B25A0029DE68 /* main.jsbundle */,
				13B07FAF1A68108700A75B9A /* AppDelegate.h */,
				13B07FB01A68108700A75B9A /* AppDelegate.m */,
				13B07FB51A68108700A75B9A /* Images.xcassets */,
				13B07FB61A68108700A75B9A /* Info.plist */,
				13B07FB11A68108700A75B9A /* LaunchScreen.xib */,
				13B07FB71A68108700A75B9A /* main.m */,
			);
			name = Hotelian;
			sourceTree = "<group>";
		};
		2D16E6871FA4F8E400B85C8A /* Frameworks */ = {
			isa = PBXGroup;
			children = (
				ED297162215061F000B7C4FE /* JavaScriptCore.framework */,
				ED2971642150620600B7C4FE /* JavaScriptCore.framework */,
			);
			name = Frameworks;
			sourceTree = "<group>";
		};
		832341AE1AAA6A7D00B99B32 /* Libraries */ = {
			isa = PBXGroup;
			children = (
			);
			name = Libraries;
			sourceTree = "<group>";
		};
		83CBB9F61A601CBA00E9B192 = {
			isa = PBXGroup;
			children = (
				13B07FAE1A68108700A75B9A /* Hotelian */,
				832341AE1AAA6A7D00B99B32 /* Libraries */,
				00E356EF1AD99517003FC87E /* HotelianTests */,
				83CBBA001A601CBA00E9B192 /* Products */,
				2D16E6871FA4F8E400B85C8A /* Frameworks */,
				59B13B8EF45A41658A4D1278 /* Resources */,
			);
			indentWidth = 2;
			sourceTree = "<group>";
			tabWidth = 2;
			usesTabs = 0;
		};
		83CBBA001A601CBA00E9B192 /* Products */ = {
			isa = PBXGroup;
			children = (
				13B07F961A680F5B00A75B9A /* Hotelian.app */,
				00E356EE1AD99517003FC87E /* HotelianTests.xctest */,
				2D02E47B1E0B4A5D006451C7 /* Hotelian-tvOS.app */,
				2D02E4901E0B4A5D006451C7 /* Hotelian-tvOSTests.xctest */,
			);
			name = Products;
			sourceTree = "<group>";
		};
		59B13B8EF45A41658A4D1278 /* Resources */ = {
			isa = "PBXGroup";
			children = (
				B872D801FD93481DB93B392A /* AntDesign.ttf */,
				C29C5AB2080B4DC19B7C5DEC /* Entypo.ttf */,
				C935427284BD404D8C3BE364 /* EvilIcons.ttf */,
				E2CE550605FB426A99F4C779 /* Feather.ttf */,
				A08BDA57D87647C9AC627A6C /* FontAwesome.ttf */,
				CA1ECAA3C86F458FB4FB19B8 /* FontAwesome5_Brands.ttf */,
				E76FCACF8F1C4F9AA24A3CC3 /* FontAwesome5_Regular.ttf */,
				4D90BFBB0C39403A8465BA2A /* FontAwesome5_Solid.ttf */,
				A2530917767A498FA3A5983D /* Fontisto.ttf */,
				F8E18D66BCEB48C594BE9EEC /* Foundation.ttf */,
				8BFBE345D7C14627AFD1F3D9 /* Ionicons.ttf */,
				F2B92736D7924D379E1145ED /* MaterialCommunityIcons.ttf */,
				32AFCAA9E0ED4C7F801BD44B /* MaterialIcons.ttf */,
				0ACC0EB28D7F4F778F0320EC /* Octicons.ttf */,
				28B451949BF945238973C8CB /* Roboto_medium.ttf */,
				0DF253A832FB4AECAED27BBF /* Roboto.ttf */,
				47D436663DB1420C87988383 /* rubicon-icon-font.ttf */,
				08FFEF425725493CB3068D12 /* SimpleLineIcons.ttf */,
				FEB267FE2D10445996E3BF13 /* Zocial.ttf */,
				C02EC6A7BD5D436FB834A1C9 /* Roboto100-Thin.ttf */,
				7F1FB4D9FEB84F0C9D9AD6AB /* Roboto300-Light.ttf */,
				9C65A6A065CA46A896C46260 /* Roboto400-Regular.ttf */,
				F4B04386BD4249D0B6D09C4E /* Roboto500-Medium.ttf */,
				DF7E6851EBD34440AE1CB620 /* Roboto700-Bold.ttf */,
				22DDA453503D4A3BAE9F32F9 /* Roboto900-Black.ttf */,
				DB759A96520146BBB12C4917 /* pin.png */,
				CBA004EC8BBD40A896EEED3D /* single-pin.png */,
				4B7E456A9B4F43B089F80EBC /* apartment.png */,
				F20B16435DAD449A846841A6 /* earth-globe.png */,
				ECCC6F61F38F492FAE07980F /* error.png */,
				89AE7429F2614A24BBAD936C /* globe-grid.png */,
				B0C4EE56F2304CB5AF1E1EF8 /* hostel.png */,
				D2257D61B2534735BE00D6BF /* no-image.png */,
				C485CAC211F14B7BA224C63A /* not_found.png */,
				4BCD1FBDFA32413AB04AE6C9 /* resort.png */,
				61BF6F325F6246EDA5162B58 /* top_destination_1.jpg */,
				D8CAF47CB43A490C87BAB7AE /* top_destination_2.jpg */,
				5E965C24843549C092C2BDFA /* top_destination_3.jpg */,
				A417D9B3A75749FCBE59F4D4 /* top_destination_4.jpg */,
				943CC2BFE2DA47EFA6869F9A /* top_destination_5.jpg */,
				A1418F8B04884402A3489020 /* travelers1.jpg */,
				7498D642436A47C3B14E777F /* travelers2.jpg */,
				2F690A678112487B92F1378D /* travelers3.jpg */,
				BB4A7F64AB434BC188CDDFCA /* travelers4.jpg */,
				74A810115C2B4C98812A22EF /* travelers5.jpg */,
				43D5E1172D304AE99ADA939E /* villa.png */,
				49D7D57B7F8B46E397F69D9A /* RobotoBlack.ttf */,
				39B6D074B2324B8DAEF42F54 /* RobotoBold.ttf */,
				0B875C0E2EAC4B18AF534548 /* RobotoLight.ttf */,
				4DA714A52EA64E74A46F3CA8 /* RobotoMedium.ttf */,
				3FBFCF3FEC7F40318A0DAE1F /* RobotoRegular.ttf */,
				8334FE761A9F43B790572906 /* RobotoThin.ttf */,
				E9043DA606634FA89094D8F5 /* IRANSansBold.ttf */,
				F27C2BDCA0864833BE7408B9 /* IRANSansLight.ttf */,
				22BDCC8D1CD044EE8D6BB239 /* IRANSansMedium.ttf */,
				8E676A413491487284D88407 /* IRANSansRegular.ttf */,
				58EC63AF28BD46FFA4E172BD /* IRANSansUltraLight.ttf */,
				7B76DCDA377C4D44B1825286 /* QuicksandBold.ttf */,
				198F8DA009474C8A9ED2CA0A /* QuicksandLight.ttf */,
				688962F753CB4ABD971F7871 /* QuicksandMedium.ttf */,
				4E4DE3EACD254407A941E4FF /* QuicksandRegular.ttf */,
				72F1CBB82B52480FBF484EB0 /* QuicksandSemiBold.ttf */,
				A17994984E1240149B07A19C /* Feather.ttf */,
				164CB3EA0A534695A20F9167 /* Ionicons.ttf */,
				E19CDFE7DBA2471D9FB92BCC /* ic_img.png.png */,
				CDA881CA972E4180A94B2C56 /* ie_img.png */,
				0203D50A28CD4C78B4FE9598 /* ic_img.png */,
				E311D3CE6DA44E70809A3AFF /* no-results.png */,
				020D9EEB4DDF4BB38D41B6B1 /* 404.png */,
				23CF855919DC4DADBD0074A9 /* pasargad-gateway.png */,
				149925DD37854089B51E7135 /* paypal-gateway.png */,
				6B131789F9344718AB1AD8E3 /* saman-gateway.png */,
				61A652C5BA9D4C08ACE08A2B /* telr-gateway.png */,
				3CDCF0CC8F9B468B9AB43155 /* unavailable.png */,
			);
			name = Resources;
			sourceTree = "<group>";
			path = "";
		};
/* End PBXGroup section */

/* Begin PBXNativeTarget section */
		00E356ED1AD99517003FC87E /* HotelianTests */ = {
			isa = PBXNativeTarget;
			buildConfigurationList = 00E357021AD99517003FC87E /* Build configuration list for PBXNativeTarget "HotelianTests" */;
			buildPhases = (
				00E356EA1AD99517003FC87E /* Sources */,
				00E356EB1AD99517003FC87E /* Frameworks */,
				00E356EC1AD99517003FC87E /* Resources */,
			);
			buildRules = (
			);
			dependencies = (
				00E356F51AD99517003FC87E /* PBXTargetDependency */,
			);
			name = HotelianTests;
			productName = HotelianTests;
			productReference = 00E356EE1AD99517003FC87E /* HotelianTests.xctest */;
			productType = "com.apple.product-type.bundle.unit-test";
		};
		13B07F861A680F5B00A75B9A /* Hotelian */ = {
			isa = PBXNativeTarget;
			buildConfigurationList = 13B07F931A680F5B00A75B9A /* Build configuration list for PBXNativeTarget "Hotelian" */;
			buildPhases = (
				FD10A7F022414F080027D42C /* Start Packager */,
				13B07F871A680F5B00A75B9A /* Sources */,
				13B07F8C1A680F5B00A75B9A /* Frameworks */,
				13B07F8E1A680F5B00A75B9A /* Resources */,
				00DD1BFF1BD5951E006B06BC /* Bundle React Native code and images */,
			);
			buildRules = (
			);
			dependencies = (
			);
			name = Hotelian;
			productName = Hotelian;
			productReference = 13B07F961A680F5B00A75B9A /* Hotelian.app */;
			productType = "com.apple.product-type.application";
		};
		2D02E47A1E0B4A5D006451C7 /* Hotelian-tvOS */ = {
			isa = PBXNativeTarget;
			buildConfigurationList = 2D02E4BA1E0B4A5E006451C7 /* Build configuration list for PBXNativeTarget "Hotelian-tvOS" */;
			buildPhases = (
				FD10A7F122414F3F0027D42C /* Start Packager */,
				2D02E4771E0B4A5D006451C7 /* Sources */,
				2D02E4781E0B4A5D006451C7 /* Frameworks */,
				2D02E4791E0B4A5D006451C7 /* Resources */,
				2D02E4CB1E0B4B27006451C7 /* Bundle React Native Code And Images */,
			);
			buildRules = (
			);
			dependencies = (
			);
			name = "Hotelian-tvOS";
			productName = "Hotelian-tvOS";
			productReference = 2D02E47B1E0B4A5D006451C7 /* Hotelian-tvOS.app */;
			productType = "com.apple.product-type.application";
		};
		2D02E48F1E0B4A5D006451C7 /* Hotelian-tvOSTests */ = {
			isa = PBXNativeTarget;
			buildConfigurationList = 2D02E4BB1E0B4A5E006451C7 /* Build configuration list for PBXNativeTarget "Hotelian-tvOSTests" */;
			buildPhases = (
				2D02E48C1E0B4A5D006451C7 /* Sources */,
				2D02E48D1E0B4A5D006451C7 /* Frameworks */,
				2D02E48E1E0B4A5D006451C7 /* Resources */,
			);
			buildRules = (
			);
			dependencies = (
				2D02E4921E0B4A5D006451C7 /* PBXTargetDependency */,
			);
			name = "Hotelian-tvOSTests";
			productName = "Hotelian-tvOSTests";
			productReference = 2D02E4901E0B4A5D006451C7 /* Hotelian-tvOSTests.xctest */;
			productType = "com.apple.product-type.bundle.unit-test";
		};
/* End PBXNativeTarget section */

/* Begin PBXProject section */
		83CBB9F71A601CBA00E9B192 /* Project object */ = {
			isa = PBXProject;
			attributes = {
				LastUpgradeCheck = 1130;
				TargetAttributes = {
					00E356ED1AD99517003FC87E = {
						CreatedOnToolsVersion = 6.2;
						TestTargetID = 13B07F861A680F5B00A75B9A;
					};
					13B07F861A680F5B00A75B9A = {
						LastSwiftMigration = 1120;
					};
					2D02E47A1E0B4A5D006451C7 = {
						CreatedOnToolsVersion = 8.2.1;
						ProvisioningStyle = Automatic;
					};
					2D02E48F1E0B4A5D006451C7 = {
						CreatedOnToolsVersion = 8.2.1;
						ProvisioningStyle = Automatic;
						TestTargetID = 2D02E47A1E0B4A5D006451C7;
					};
				};
			};
			buildConfigurationList = 83CBB9FA1A601CBA00E9B192 /* Build configuration list for PBXProject "Hotelian" */;
			compatibilityVersion = "Xcode 3.2";
			developmentRegion = en;
			hasScannedForEncodings = 0;
			knownRegions = (
				en,
				Base,
			);
			mainGroup = 83CBB9F61A601CBA00E9B192;
			productRefGroup = 83CBBA001A601CBA00E9B192 /* Products */;
			projectDirPath = "";
			projectRoot = "";
			targets = (
				13B07F861A680F5B00A75B9A /* Hotelian */,
				00E356ED1AD99517003FC87E /* HotelianTests */,
				2D02E47A1E0B4A5D006451C7 /* Hotelian-tvOS */,
				2D02E48F1E0B4A5D006451C7 /* Hotelian-tvOSTests */,
			);
		};
/* End PBXProject section */

/* Begin PBXResourcesBuildPhase section */
		00E356EC1AD99517003FC87E /* Resources */ = {
			isa = PBXResourcesBuildPhase;
			buildActionMask = 2147483647;
			files = (
			);
			runOnlyForDeploymentPostprocessing = 0;
		};
		13B07F8E1A680F5B00A75B9A /* Resources */ = {
			isa = PBXResourcesBuildPhase;
			buildActionMask = 2147483647;
			files = (
				13B07FBF1A68108700A75B9A /* Images.xcassets in Resources */,
				13B07FBD1A68108700A75B9A /* LaunchScreen.xib in Resources */,
				ED5935DBBC0A4DABACE7C81C /* AntDesign.ttf in Resources */,
				CD4CD584BE51485AB20CBD9C /* Entypo.ttf in Resources */,
				0A1223DC80404FAB90A4E457 /* EvilIcons.ttf in Resources */,
				A496D7F10CE84910AE860DEE /* Feather.ttf in Resources */,
				64C29A28BE994F0A9C9D24EA /* FontAwesome.ttf in Resources */,
				1F655938E5ED4F74A25A537A /* FontAwesome5_Brands.ttf in Resources */,
				73CC03050CAC40D89C276C2E /* FontAwesome5_Regular.ttf in Resources */,
				8F337031453344A0BE1162F2 /* FontAwesome5_Solid.ttf in Resources */,
				4A92753B76184BF4B2F3DEAB /* Fontisto.ttf in Resources */,
				C5D1C50AB1C54C5BAA0AF1C7 /* Foundation.ttf in Resources */,
				0F075A69D6944794B99E568C /* Ionicons.ttf in Resources */,
				E4309DCCCDD6479F9D64E4A8 /* MaterialCommunityIcons.ttf in Resources */,
				424C261FA3C246128C2E2A8B /* MaterialIcons.ttf in Resources */,
				3C1CC6AEDC394DE5BC6ED885 /* Octicons.ttf in Resources */,
				497ED3DF33F74F49AC87CFD0 /* Roboto_medium.ttf in Resources */,
				9B2D2763DB1B404B97900242 /* Roboto.ttf in Resources */,
				4027A587E2184CE79EAF2E99 /* rubicon-icon-font.ttf in Resources */,
				D331337AC766495596B6247F /* SimpleLineIcons.ttf in Resources */,
				D31B67981B6742B88B524B3A /* Zocial.ttf in Resources */,
				398A7813FE5A4FE1A75D9625 /* Roboto100-Thin.ttf in Resources */,
				C6771B8CEA344FE0B46F6DCF /* Roboto300-Light.ttf in Resources */,
				7DAF56C735794F2A8415F969 /* Roboto400-Regular.ttf in Resources */,
				0ECB358683B549EBA652B093 /* Roboto500-Medium.ttf in Resources */,
				16DBF5CD238C4313A647D090 /* Roboto700-Bold.ttf in Resources */,
				9B4FC7BD89884C038357E172 /* Roboto900-Black.ttf in Resources */,
				68BC851D17454A2AAE8E6B6C /* pin.png in Resources */,
				2438B43B0D9547E9A2D9487D /* single-pin.png in Resources */,
				E3E62DF4CC8B4F69AEB6BB92 /* apartment.png in Resources */,
				070F8AEECF08433CAB8D4DA0 /* earth-globe.png in Resources */,
				30198B9AEBF24E459EAE0B79 /* error.png in Resources */,
				E2B9BD59FFAA491A89C027B4 /* globe-grid.png in Resources */,
				6C8CA5065D03452CBA8F6148 /* hostel.png in Resources */,
				93BE22874B684F5090CA10C6 /* no-image.png in Resources */,
				F56E4205A56B4AAC9EF4B09B /* not_found.png in Resources */,
				65E6B9FCDCCE45DF9C866CE4 /* resort.png in Resources */,
				45E5C2A5E3F14D37A32E600F /* top_destination_1.jpg in Resources */,
				DC2F4595B5ED49538D700116 /* top_destination_2.jpg in Resources */,
				E2B2384473B84063BEF9899D /* top_destination_3.jpg in Resources */,
				D91D88A31E944A92B5A33FCA /* top_destination_4.jpg in Resources */,
				A0432908E4724C628424FD26 /* top_destination_5.jpg in Resources */,
				9DEDCB1587BD408FB1D88F71 /* travelers1.jpg in Resources */,
				D1E208E5C86744D795BC1BF5 /* travelers2.jpg in Resources */,
				92F23F9B530F41EFA03CBE4C /* travelers3.jpg in Resources */,
				A8201E97AA3F4BB7B526E293 /* travelers4.jpg in Resources */,
				F97319B2FDFF4F8BAE46929B /* travelers5.jpg in Resources */,
				1352B147F5CF42ED98A6E227 /* villa.png in Resources */,
				BD1FA2863668442DA0366D35 /* RobotoBlack.ttf in Resources */,
				FE1FC584F131483EA9584695 /* RobotoBold.ttf in Resources */,
				9081B893421D497CA124C15B /* RobotoLight.ttf in Resources */,
				4FE1D671E1614C3393F532AF /* RobotoMedium.ttf in Resources */,
				D9FA3371C2B547B18B92E8EA /* RobotoRegular.ttf in Resources */,
				AEB97846CF04415794F18FDE /* RobotoThin.ttf in Resources */,
				FB829DA3487B42AAAAC85776 /* IRANSansBold.ttf in Resources */,
				7EBE3F62134D465085FBC2B6 /* IRANSansLight.ttf in Resources */,
				31710A7C3CCD4955B7C717D8 /* IRANSansMedium.ttf in Resources */,
				56B3B7BEC20C4279AE6C9FC1 /* IRANSansRegular.ttf in Resources */,
				D7117FAAB7664FD2B2FC3ADF /* IRANSansUltraLight.ttf in Resources */,
				BE7A980F9DAC4037934B658B /* QuicksandBold.ttf in Resources */,
				E4B2CE850AC34AA09DA86F5C /* QuicksandLight.ttf in Resources */,
				F92D7C20615C41FC9EF6D670 /* QuicksandMedium.ttf in Resources */,
				35910C9E0CB0432994DCF65A /* QuicksandRegular.ttf in Resources */,
				ED616306D90142E5B1E146A9 /* QuicksandSemiBold.ttf in Resources */,
				5B1192CCF54B42BAA54C6224 /* Feather.ttf in Resources */,
				06CC544F86E74139A3093B24 /* Ionicons.ttf in Resources */,
				22AE033C72344590A488DC66 /* ic_img.png.png in Resources */,
				C3C719BF81C14AE6A859FA15 /* ie_img.png in Resources */,
				330D0D76142A410FB63AA382 /* ic_img.png in Resources */,
				84AB5FC5E4594210863B0F4C /* no-results.png in Resources */,
				D2F07CF014ED4E51A172D76D /* 404.png in Resources */,
				0A1B7CB4C3AE4BDFBFDF8947 /* pasargad-gateway.png in Resources */,
				630A8E7A7B854BDF9DAF7AE0 /* paypal-gateway.png in Resources */,
				9D9D549F1FD74256A609F29A /* saman-gateway.png in Resources */,
				1C7261D3F10347B79DE6389E /* telr-gateway.png in Resources */,
				7330A80CCF07482087ADFEC8 /* unavailable.png in Resources */,
			);
			runOnlyForDeploymentPostprocessing = 0;
		};
		2D02E4791E0B4A5D006451C7 /* Resources */ = {
			isa = PBXResourcesBuildPhase;
			buildActionMask = 2147483647;
			files = (
				2D02E4BD1E0B4A84006451C7 /* Images.xcassets in Resources */,
			);
			runOnlyForDeploymentPostprocessing = 0;
		};
		2D02E48E1E0B4A5D006451C7 /* Resources */ = {
			isa = PBXResourcesBuildPhase;
			buildActionMask = 2147483647;
			files = (
			);
			runOnlyForDeploymentPostprocessing = 0;
		};
/* End PBXResourcesBuildPhase section */

/* Begin PBXShellScriptBuildPhase section */
		00DD1BFF1BD5951E006B06BC /* Bundle React Native code and images */ = {
			isa = PBXShellScriptBuildPhase;
			buildActionMask = 2147483647;
			files = (
			);
			inputPaths = (
			);
			name = "Bundle React Native code and images";
			outputPaths = (
			);
			runOnlyForDeploymentPostprocessing = 0;
			shellPath = /bin/sh;
			shellScript = "export NODE_BINARY=node\n../node_modules/react-native/scripts/react-native-xcode.sh";
		};
		2D02E4CB1E0B4B27006451C7 /* Bundle React Native Code And Images */ = {
			isa = PBXShellScriptBuildPhase;
			buildActionMask = 2147483647;
			files = (
			);
			inputPaths = (
			);
			name = "Bundle React Native Code And Images";
			outputPaths = (
			);
			runOnlyForDeploymentPostprocessing = 0;
			shellPath = /bin/sh;
			shellScript = "export NODE_BINARY=node\n../node_modules/react-native/scripts/react-native-xcode.sh";
		};
		FD10A7F022414F080027D42C /* Start Packager */ = {
			isa = PBXShellScriptBuildPhase;
			buildActionMask = 2147483647;
			files = (
			);
			inputFileListPaths = (
			);
			inputPaths = (
			);
			name = "Start Packager";
			outputFileListPaths = (
			);
			outputPaths = (
			);
			runOnlyForDeploymentPostprocessing = 0;
			shellPath = /bin/sh;
			shellScript = "export RCT_METRO_PORT=\"${RCT_METRO_PORT:=8081}\"\necho \"export RCT_METRO_PORT=${RCT_METRO_PORT}\" > \"${SRCROOT}/../node_modules/react-native/scripts/.packager.env\"\nif [ -z \"${RCT_NO_LAUNCH_PACKAGER+xxx}\" ] ; then\n  if nc -w 5 -z localhost ${RCT_METRO_PORT} ; then\n    if ! curl -s \"http://localhost:${RCT_METRO_PORT}/status\" | grep -q \"packager-status:running\" ; then\n      echo \"Port ${RCT_METRO_PORT} already in use, packager is either not running or not running correctly\"\n      exit 2\n    fi\n  else\n    open \"$SRCROOT/../node_modules/react-native/scripts/launchPackager.command\" || echo \"Can't start packager automatically\"\n  fi\nfi\n";
			showEnvVarsInLog = 0;
		};
		FD10A7F122414F3F0027D42C /* Start Packager */ = {
			isa = PBXShellScriptBuildPhase;
			buildActionMask = 2147483647;
			files = (
			);
			inputFileListPaths = (
			);
			inputPaths = (
			);
			name = "Start Packager";
			outputFileListPaths = (
			);
			outputPaths = (
			);
			runOnlyForDeploymentPostprocessing = 0;
			shellPath = /bin/sh;
			shellScript = "export RCT_METRO_PORT=\"${RCT_METRO_PORT:=8081}\"\necho \"export RCT_METRO_PORT=${RCT_METRO_PORT}\" > \"${SRCROOT}/../node_modules/react-native/scripts/.packager.env\"\nif [ -z \"${RCT_NO_LAUNCH_PACKAGER+xxx}\" ] ; then\n  if nc -w 5 -z localhost ${RCT_METRO_PORT} ; then\n    if ! curl -s \"http://localhost:${RCT_METRO_PORT}/status\" | grep -q \"packager-status:running\" ; then\n      echo \"Port ${RCT_METRO_PORT} already in use, packager is either not running or not running correctly\"\n      exit 2\n    fi\n  else\n    open \"$SRCROOT/../node_modules/react-native/scripts/launchPackager.command\" || echo \"Can't start packager automatically\"\n  fi\nfi\n";
			showEnvVarsInLog = 0;
		};
/* End PBXShellScriptBuildPhase section */

/* Begin PBXSourcesBuildPhase section */
		00E356EA1AD99517003FC87E /* Sources */ = {
			isa = PBXSourcesBuildPhase;
			buildActionMask = 2147483647;
			files = (
				00E356F31AD99517003FC87E /* HotelianTests.m in Sources */,
			);
			runOnlyForDeploymentPostprocessing = 0;
		};
		13B07F871A680F5B00A75B9A /* Sources */ = {
			isa = PBXSourcesBuildPhase;
			buildActionMask = 2147483647;
			files = (
				13B07FBC1A68108700A75B9A /* AppDelegate.m in Sources */,
				13B07FC11A68108700A75B9A /* main.m in Sources */,
			);
			runOnlyForDeploymentPostprocessing = 0;
		};
		2D02E4771E0B4A5D006451C7 /* Sources */ = {
			isa = PBXSourcesBuildPhase;
			buildActionMask = 2147483647;
			files = (
				2D02E4BF1E0B4AB3006451C7 /* main.m in Sources */,
				2D02E4BC1E0B4A80006451C7 /* AppDelegate.m in Sources */,
			);
			runOnlyForDeploymentPostprocessing = 0;
		};
		2D02E48C1E0B4A5D006451C7 /* Sources */ = {
			isa = PBXSourcesBuildPhase;
			buildActionMask = 2147483647;
			files = (
				2DCD954D1E0B4F2C00145EB5 /* HotelianTests.m in Sources */,
			);
			runOnlyForDeploymentPostprocessing = 0;
		};
/* End PBXSourcesBuildPhase section */

/* Begin PBXTargetDependency section */
		00E356F51AD99517003FC87E /* PBXTargetDependency */ = {
			isa = PBXTargetDependency;
			target = 13B07F861A680F5B00A75B9A /* Hotelian */;
			targetProxy = 00E356F41AD99517003FC87E /* PBXContainerItemProxy */;
		};
		2D02E4921E0B4A5D006451C7 /* PBXTargetDependency */ = {
			isa = PBXTargetDependency;
			target = 2D02E47A1E0B4A5D006451C7 /* Hotelian-tvOS */;
			targetProxy = 2D02E4911E0B4A5D006451C7 /* PBXContainerItemProxy */;
		};
/* End PBXTargetDependency section */

/* Begin PBXVariantGroup section */
		13B07FB11A68108700A75B9A /* LaunchScreen.xib */ = {
			isa = PBXVariantGroup;
			children = (
				13B07FB21A68108700A75B9A /* Base */,
			);
			name = LaunchScreen.xib;
			path = Hotelian;
			sourceTree = "<group>";
		};
/* End PBXVariantGroup section */

/* Begin XCBuildConfiguration section */
		00E356F61AD99517003FC87E /* Debug */ = {
			isa = XCBuildConfiguration;
			buildSettings = {
				BUNDLE_LOADER = "$(TEST_HOST)";
				GCC_PREPROCESSOR_DEFINITIONS = (
					"DEBUG=1",
					"$(inherited)",
				);
				INFOPLIST_FILE = HotelianTests/Info.plist;
				IPHONEOS_DEPLOYMENT_TARGET = 9.0;
				LD_RUNPATH_SEARCH_PATHS = "$(inherited) @executable_path/Frameworks @loader_path/Frameworks";
				OTHER_LDFLAGS = (
					"-ObjC",
					"-lc++",
					"$(inherited)",
				);
				PRODUCT_BUNDLE_IDENTIFIER = "org.reactjs.native.example.$(PRODUCT_NAME:rfc1034identifier)";
				PRODUCT_NAME = "$(TARGET_NAME)";
				TEST_HOST = "$(BUILT_PRODUCTS_DIR)/Hotelian.app/Hotelian";
			};
			name = Debug;
		};
		00E356F71AD99517003FC87E /* Release */ = {
			isa = XCBuildConfiguration;
			buildSettings = {
				BUNDLE_LOADER = "$(TEST_HOST)";
				COPY_PHASE_STRIP = NO;
				INFOPLIST_FILE = HotelianTests/Info.plist;
				IPHONEOS_DEPLOYMENT_TARGET = 9.0;
				LD_RUNPATH_SEARCH_PATHS = "$(inherited) @executable_path/Frameworks @loader_path/Frameworks";
				OTHER_LDFLAGS = (
					"-ObjC",
					"-lc++",
					"$(inherited)",
				);
				PRODUCT_BUNDLE_IDENTIFIER = "org.reactjs.native.example.$(PRODUCT_NAME:rfc1034identifier)";
				PRODUCT_NAME = "$(TARGET_NAME)";
				TEST_HOST = "$(BUILT_PRODUCTS_DIR)/Hotelian.app/Hotelian";
			};
			name = Release;
		};
		13B07F941A680F5B00A75B9A /* Debug */ = {
			isa = XCBuildConfiguration;
			buildSettings = {
				ASSETCATALOG_COMPILER_APPICON_NAME = AppIcon;
				CLANG_ENABLE_MODULES = YES;
				CURRENT_PROJECT_VERSION = 1;
				ENABLE_BITCODE = NO;
				GCC_PREPROCESSOR_DEFINITIONS = (
					"$(inherited)",
					"FB_SONARKIT_ENABLED=1",
				);
				INFOPLIST_FILE = Hotelian/Info.plist;
				LD_RUNPATH_SEARCH_PATHS = "$(inherited) @executable_path/Frameworks";
				OTHER_LDFLAGS = (
					"$(inherited)",
					"-ObjC",
					"-lc++",
				);
				PRODUCT_BUNDLE_IDENTIFIER = "org.reactjs.native.example.$(PRODUCT_NAME:rfc1034identifier)";
				PRODUCT_NAME = Hotelian;
				SWIFT_OPTIMIZATION_LEVEL = "-Onone";
				SWIFT_VERSION = 5.0;
				VERSIONING_SYSTEM = "apple-generic";
			};
			name = Debug;
		};
		13B07F951A680F5B00A75B9A /* Release */ = {
			isa = XCBuildConfiguration;
			buildSettings = {
				ASSETCATALOG_COMPILER_APPICON_NAME = AppIcon;
				CLANG_ENABLE_MODULES = YES;
				CURRENT_PROJECT_VERSION = 1;
				INFOPLIST_FILE = Hotelian/Info.plist;
				LD_RUNPATH_SEARCH_PATHS = "$(inherited) @executable_path/Frameworks";
				OTHER_LDFLAGS = (
					"$(inherited)",
					"-ObjC",
					"-lc++",
				);
				PRODUCT_BUNDLE_IDENTIFIER = "org.reactjs.native.example.$(PRODUCT_NAME:rfc1034identifier)";
				PRODUCT_NAME = Hotelian;
				SWIFT_VERSION = 5.0;
				VERSIONING_SYSTEM = "apple-generic";
			};
			name = Release;
		};
		2D02E4971E0B4A5E006451C7 /* Debug */ = {
			isa = XCBuildConfiguration;
			buildSettings = {
				ASSETCATALOG_COMPILER_APPICON_NAME = "App Icon & Top Shelf Image";
				ASSETCATALOG_COMPILER_LAUNCHIMAGE_NAME = LaunchImage;
				CLANG_ANALYZER_NONNULL = YES;
				CLANG_WARN_DOCUMENTATION_COMMENTS = YES;
				CLANG_WARN_INFINITE_RECURSION = YES;
				CLANG_WARN_SUSPICIOUS_MOVE = YES;
				DEBUG_INFORMATION_FORMAT = dwarf;
				ENABLE_TESTABILITY = YES;
				GCC_NO_COMMON_BLOCKS = YES;
				INFOPLIST_FILE = "Hotelian-tvOS/Info.plist";
				LD_RUNPATH_SEARCH_PATHS = "$(inherited) @executable_path/Frameworks";
				OTHER_LDFLAGS = (
					"$(inherited)",
					"-ObjC",
					"-lc++",
				);
				PRODUCT_BUNDLE_IDENTIFIER = "org.reactjs.native.example.Hotelian-tvOS";
				PRODUCT_NAME = "$(TARGET_NAME)";
				SDKROOT = appletvos;
				TARGETED_DEVICE_FAMILY = 3;
				TVOS_DEPLOYMENT_TARGET = 9.2;
			};
			name = Debug;
		};
		2D02E4981E0B4A5E006451C7 /* Release */ = {
			isa = XCBuildConfiguration;
			buildSettings = {
				ASSETCATALOG_COMPILER_APPICON_NAME = "App Icon & Top Shelf Image";
				ASSETCATALOG_COMPILER_LAUNCHIMAGE_NAME = LaunchImage;
				CLANG_ANALYZER_NONNULL = YES;
				CLANG_WARN_DOCUMENTATION_COMMENTS = YES;
				CLANG_WARN_INFINITE_RECURSION = YES;
				CLANG_WARN_SUSPICIOUS_MOVE = YES;
				COPY_PHASE_STRIP = NO;
				DEBUG_INFORMATION_FORMAT = "dwarf-with-dsym";
				GCC_NO_COMMON_BLOCKS = YES;
				INFOPLIST_FILE = "Hotelian-tvOS/Info.plist";
				LD_RUNPATH_SEARCH_PATHS = "$(inherited) @executable_path/Frameworks";
				OTHER_LDFLAGS = (
					"$(inherited)",
					"-ObjC",
					"-lc++",
				);
				PRODUCT_BUNDLE_IDENTIFIER = "org.reactjs.native.example.Hotelian-tvOS";
				PRODUCT_NAME = "$(TARGET_NAME)";
				SDKROOT = appletvos;
				TARGETED_DEVICE_FAMILY = 3;
				TVOS_DEPLOYMENT_TARGET = 9.2;
			};
			name = Release;
		};
		2D02E4991E0B4A5E006451C7 /* Debug */ = {
			isa = XCBuildConfiguration;
			buildSettings = {
				BUNDLE_LOADER = "$(TEST_HOST)";
				CLANG_ANALYZER_NONNULL = YES;
				CLANG_WARN_DOCUMENTATION_COMMENTS = YES;
				CLANG_WARN_INFINITE_RECURSION = YES;
				CLANG_WARN_SUSPICIOUS_MOVE = YES;
				DEBUG_INFORMATION_FORMAT = dwarf;
				ENABLE_TESTABILITY = YES;
				GCC_NO_COMMON_BLOCKS = YES;
				INFOPLIST_FILE = "Hotelian-tvOSTests/Info.plist";
				LD_RUNPATH_SEARCH_PATHS = "$(inherited) @executable_path/Frameworks @loader_path/Frameworks";
				OTHER_LDFLAGS = (
					"$(inherited)",
					"-ObjC",
					"-lc++",
				);
				PRODUCT_BUNDLE_IDENTIFIER = "org.reactjs.native.example.Hotelian-tvOSTests";
				PRODUCT_NAME = "$(TARGET_NAME)";
				SDKROOT = appletvos;
				TEST_HOST = "$(BUILT_PRODUCTS_DIR)/Hotelian-tvOS.app/Hotelian-tvOS";
				TVOS_DEPLOYMENT_TARGET = 10.1;
			};
			name = Debug;
		};
		2D02E49A1E0B4A5E006451C7 /* Release */ = {
			isa = XCBuildConfiguration;
			buildSettings = {
				BUNDLE_LOADER = "$(TEST_HOST)";
				CLANG_ANALYZER_NONNULL = YES;
				CLANG_WARN_DOCUMENTATION_COMMENTS = YES;
				CLANG_WARN_INFINITE_RECURSION = YES;
				CLANG_WARN_SUSPICIOUS_MOVE = YES;
				COPY_PHASE_STRIP = NO;
				DEBUG_INFORMATION_FORMAT = "dwarf-with-dsym";
				GCC_NO_COMMON_BLOCKS = YES;
				INFOPLIST_FILE = "Hotelian-tvOSTests/Info.plist";
				LD_RUNPATH_SEARCH_PATHS = "$(inherited) @executable_path/Frameworks @loader_path/Frameworks";
				OTHER_LDFLAGS = (
					"$(inherited)",
					"-ObjC",
					"-lc++",
				);
				PRODUCT_BUNDLE_IDENTIFIER = "org.reactjs.native.example.Hotelian-tvOSTests";
				PRODUCT_NAME = "$(TARGET_NAME)";
				SDKROOT = appletvos;
				TEST_HOST = "$(BUILT_PRODUCTS_DIR)/Hotelian-tvOS.app/Hotelian-tvOS";
				TVOS_DEPLOYMENT_TARGET = 10.1;
			};
			name = Release;
		};
		83CBBA201A601CBA00E9B192 /* Debug */ = {
			isa = XCBuildConfiguration;
			buildSettings = {
				ALWAYS_SEARCH_USER_PATHS = NO;
				CLANG_ANALYZER_LOCALIZABILITY_NONLOCALIZED = YES;
				CLANG_CXX_LANGUAGE_STANDARD = "gnu++0x";
				CLANG_CXX_LIBRARY = "libc++";
				CLANG_ENABLE_MODULES = YES;
				CLANG_ENABLE_OBJC_ARC = YES;
				CLANG_WARN_BLOCK_CAPTURE_AUTORELEASING = YES;
				CLANG_WARN_BOOL_CONVERSION = YES;
				CLANG_WARN_COMMA = YES;
				CLANG_WARN_CONSTANT_CONVERSION = YES;
				CLANG_WARN_DEPRECATED_OBJC_IMPLEMENTATIONS = YES;
				CLANG_WARN_DIRECT_OBJC_ISA_USAGE = YES_ERROR;
				CLANG_WARN_EMPTY_BODY = YES;
				CLANG_WARN_ENUM_CONVERSION = YES;
				CLANG_WARN_INFINITE_RECURSION = YES;
				CLANG_WARN_INT_CONVERSION = YES;
				CLANG_WARN_NON_LITERAL_NULL_CONVERSION = YES;
				CLANG_WARN_OBJC_IMPLICIT_RETAIN_SELF = YES;
				CLANG_WARN_OBJC_LITERAL_CONVERSION = YES;
				CLANG_WARN_OBJC_ROOT_CLASS = YES_ERROR;
				CLANG_WARN_RANGE_LOOP_ANALYSIS = YES;
				CLANG_WARN_STRICT_PROTOTYPES = YES;
				CLANG_WARN_SUSPICIOUS_MOVE = YES;
				CLANG_WARN_UNREACHABLE_CODE = YES;
				CLANG_WARN__DUPLICATE_METHOD_MATCH = YES;
				"CODE_SIGN_IDENTITY[sdk=iphoneos*]" = "iPhone Developer";
				COPY_PHASE_STRIP = NO;
				ENABLE_STRICT_OBJC_MSGSEND = YES;
				ENABLE_TESTABILITY = YES;
				GCC_C_LANGUAGE_STANDARD = gnu99;
				GCC_DYNAMIC_NO_PIC = NO;
				GCC_NO_COMMON_BLOCKS = YES;
				GCC_OPTIMIZATION_LEVEL = 0;
				GCC_PREPROCESSOR_DEFINITIONS = (
					"DEBUG=1",
					"$(inherited)",
				);
				GCC_SYMBOLS_PRIVATE_EXTERN = NO;
				GCC_WARN_64_TO_32_BIT_CONVERSION = YES;
				GCC_WARN_ABOUT_RETURN_TYPE = YES_ERROR;
				GCC_WARN_UNDECLARED_SELECTOR = YES;
				GCC_WARN_UNINITIALIZED_AUTOS = YES_AGGRESSIVE;
				GCC_WARN_UNUSED_FUNCTION = YES;
				GCC_WARN_UNUSED_VARIABLE = YES;
				IPHONEOS_DEPLOYMENT_TARGET = 9.0;
				LD_RUNPATH_SEARCH_PATHS = "/usr/lib/swift $(inherited)";
				LIBRARY_SEARCH_PATHS = (
					"\"$(TOOLCHAIN_DIR)/usr/lib/swift/$(PLATFORM_NAME)\"",
					"\"$(TOOLCHAIN_DIR)/usr/lib/swift-5.0/$(PLATFORM_NAME)\"",
					"\"$(inherited)\"",
				);
				MTL_ENABLE_DEBUG_INFO = YES;
				ONLY_ACTIVE_ARCH = YES;
				SDKROOT = iphoneos;
			};
			name = Debug;
		};
		83CBBA211A601CBA00E9B192 /* Release */ = {
			isa = XCBuildConfiguration;
			buildSettings = {
				ALWAYS_SEARCH_USER_PATHS = NO;
				CLANG_ANALYZER_LOCALIZABILITY_NONLOCALIZED = YES;
				CLANG_CXX_LANGUAGE_STANDARD = "gnu++0x";
				CLANG_CXX_LIBRARY = "libc++";
				CLANG_ENABLE_MODULES = YES;
				CLANG_ENABLE_OBJC_ARC = YES;
				CLANG_WARN_BLOCK_CAPTURE_AUTORELEASING = YES;
				CLANG_WARN_BOOL_CONVERSION = YES;
				CLANG_WARN_COMMA = YES;
				CLANG_WARN_CONSTANT_CONVERSION = YES;
				CLANG_WARN_DEPRECATED_OBJC_IMPLEMENTATIONS = YES;
				CLANG_WARN_DIRECT_OBJC_ISA_USAGE = YES_ERROR;
				CLANG_WARN_EMPTY_BODY = YES;
				CLANG_WARN_ENUM_CONVERSION = YES;
				CLANG_WARN_INFINITE_RECURSION = YES;
				CLANG_WARN_INT_CONVERSION = YES;
				CLANG_WARN_NON_LITERAL_NULL_CONVERSION = YES;
				CLANG_WARN_OBJC_IMPLICIT_RETAIN_SELF = YES;
				CLANG_WARN_OBJC_LITERAL_CONVERSION = YES;
				CLANG_WARN_OBJC_ROOT_CLASS = YES_ERROR;
				CLANG_WARN_RANGE_LOOP_ANALYSIS = YES;
				CLANG_WARN_STRICT_PROTOTYPES = YES;
				CLANG_WARN_SUSPICIOUS_MOVE = YES;
				CLANG_WARN_UNREACHABLE_CODE = YES;
				CLANG_WARN__DUPLICATE_METHOD_MATCH = YES;
				"CODE_SIGN_IDENTITY[sdk=iphoneos*]" = "iPhone Developer";
				COPY_PHASE_STRIP = YES;
				ENABLE_NS_ASSERTIONS = NO;
				ENABLE_STRICT_OBJC_MSGSEND = YES;
				GCC_C_LANGUAGE_STANDARD = gnu99;
				GCC_NO_COMMON_BLOCKS = YES;
				GCC_WARN_64_TO_32_BIT_CONVERSION = YES;
				GCC_WARN_ABOUT_RETURN_TYPE = YES_ERROR;
				GCC_WARN_UNDECLARED_SELECTOR = YES;
				GCC_WARN_UNINITIALIZED_AUTOS = YES_AGGRESSIVE;
				GCC_WARN_UNUSED_FUNCTION = YES;
				GCC_WARN_UNUSED_VARIABLE = YES;
				IPHONEOS_DEPLOYMENT_TARGET = 9.0;
				LD_RUNPATH_SEARCH_PATHS = "/usr/lib/swift $(inherited)";
				LIBRARY_SEARCH_PATHS = (
					"\"$(TOOLCHAIN_DIR)/usr/lib/swift/$(PLATFORM_NAME)\"",
					"\"$(TOOLCHAIN_DIR)/usr/lib/swift-5.0/$(PLATFORM_NAME)\"",
					"\"$(inherited)\"",
				);
				MTL_ENABLE_DEBUG_INFO = NO;
				SDKROOT = iphoneos;
				VALIDATE_PRODUCT = YES;
			};
			name = Release;
		};
/* End XCBuildConfiguration section */

/* Begin XCConfigurationList section */
		00E357021AD99517003FC87E /* Build configuration list for PBXNativeTarget "HotelianTests" */ = {
			isa = XCConfigurationList;
			buildConfigurations = (
				00E356F61AD99517003FC87E /* Debug */,
				00E356F71AD99517003FC87E /* Release */,
			);
			defaultConfigurationIsVisible = 0;
			defaultConfigurationName = Release;
		};
		13B07F931A680F5B00A75B9A /* Build configuration list for PBXNativeTarget "Hotelian" */ = {
			isa = XCConfigurationList;
			buildConfigurations = (
				13B07F941A680F5B00A75B9A /* Debug */,
				13B07F951A680F5B00A75B9A /* Release */,
			);
			defaultConfigurationIsVisible = 0;
			defaultConfigurationName = Release;
		};
		2D02E4BA1E0B4A5E006451C7 /* Build configuration list for PBXNativeTarget "Hotelian-tvOS" */ = {
			isa = XCConfigurationList;
			buildConfigurations = (
				2D02E4971E0B4A5E006451C7 /* Debug */,
				2D02E4981E0B4A5E006451C7 /* Release */,
			);
			defaultConfigurationIsVisible = 0;
			defaultConfigurationName = Release;
		};
		2D02E4BB1E0B4A5E006451C7 /* Build configuration list for PBXNativeTarget "Hotelian-tvOSTests" */ = {
			isa = XCConfigurationList;
			buildConfigurations = (
				2D02E4991E0B4A5E006451C7 /* Debug */,
				2D02E49A1E0B4A5E006451C7 /* Release */,
			);
			defaultConfigurationIsVisible = 0;
			defaultConfigurationName = Release;
		};
		83CBB9FA1A601CBA00E9B192 /* Build configuration list for PBXProject "Hotelian" */ = {
			isa = XCConfigurationList;
			buildConfigurations = (
				83CBBA201A601CBA00E9B192 /* Debug */,
				83CBBA211A601CBA00E9B192 /* Release */,
			);
			defaultConfigurationIsVisible = 0;
			defaultConfigurationName = Release;
		};
/* End XCConfigurationList section */
	};
	rootObject = 83CBB9F71A601CBA00E9B192 /* Project object */;
}
